// !$*UTF8*$!
{
	archiveVersion = 1;
	classes = {
	};
	objectVersion = 50;
	objects = {

/* Begin PBXBuildFile section */
		DE3848FB2236E1A600D66AEE /* RoundedTextField.swift in Sources */ = {isa = PBXBuildFile; fileRef = DE3848FA2236E1A600D66AEE /* RoundedTextField.swift */; };
		DE447ED0222F059A0049B1AF /* UIColor+Ext.swift in Sources */ = {isa = PBXBuildFile; fileRef = DE447ECF222F059A0049B1AF /* UIColor+Ext.swift */; };
		DE50383A223FB9CF00978630 /* Onboarding.storyboard in Resources */ = {isa = PBXBuildFile; fileRef = DE503839223FB9CF00978630 /* Onboarding.storyboard */; };
		DE50383C223FCA0600978630 /* WalkthroughContentViewController.swift in Sources */ = {isa = PBXBuildFile; fileRef = DE50383B223FCA0600978630 /* WalkthroughContentViewController.swift */; };
		DE50383E223FCC3A00978630 /* WalkthroughPageViewController.swift in Sources */ = {isa = PBXBuildFile; fileRef = DE50383D223FCC3A00978630 /* WalkthroughPageViewController.swift */; };
		DE503840223FD07D00978630 /* WalkthroughViewController.swift in Sources */ = {isa = PBXBuildFile; fileRef = DE50383F223FD07D00978630 /* WalkthroughViewController.swift */; };
		DE519729222860CC007FF87B /* RestaurantDetailViewController.swift in Sources */ = {isa = PBXBuildFile; fileRef = DE519728222860CC007FF87B /* RestaurantDetailViewController.swift */; };
		DE5457C92240153C00D0A00A /* Discover.storyboard in Resources */ = {isa = PBXBuildFile; fileRef = DE5457C72240153C00D0A00A /* Discover.storyboard */; };
		DE5457CB2240155400D0A00A /* About.storyboard in Resources */ = {isa = PBXBuildFile; fileRef = DE5457CA2240155400D0A00A /* About.storyboard */; };
		DE68D19922246CA000D86E4A /* RestaurantTableViewController.swift in Sources */ = {isa = PBXBuildFile; fileRef = DE68D19822246CA000D86E4A /* RestaurantTableViewController.swift */; };
		DE68D19B2224762F00D86E4A /* RestaurantTableViewCell.swift in Sources */ = {isa = PBXBuildFile; fileRef = DE68D19A2224762F00D86E4A /* RestaurantTableViewCell.swift */; };
		DEAA0C37222ABDD000A918BC /* Restaurant.swift in Sources */ = {isa = PBXBuildFile; fileRef = DEAA0C36222ABDD000A918BC /* Restaurant.swift */; };
		DED1D77322383EA8003C276C /* FoodPin.xcdatamodeld in Sources */ = {isa = PBXBuildFile; fileRef = DED1D77122383EA8003C276C /* FoodPin.xcdatamodeld */; };
		DED3A3B222356C7900F91E84 /* ReviewViewController.swift in Sources */ = {isa = PBXBuildFile; fileRef = DED3A3B122356C7900F91E84 /* ReviewViewController.swift */; };
		DED3A3B62235A72C00F91E84 /* NewRestaurantController.swift in Sources */ = {isa = PBXBuildFile; fileRef = DED3A3B52235A72C00F91E84 /* NewRestaurantController.swift */; };
		DEDC33A3222F0F7C001F204A /* MapKit.framework in Frameworks */ = {isa = PBXBuildFile; fileRef = DEDC33A2222F0F7C001F204A /* MapKit.framework */; };
		DEDC33A5222F13A5001F204A /* RestaurantDetailSeparatorCell.swift in Sources */ = {isa = PBXBuildFile; fileRef = DEDC33A4222F13A5001F204A /* RestaurantDetailSeparatorCell.swift */; };
		DEDC33A8222F14C1001F204A /* RestaurantDetailMapCell.swift in Sources */ = {isa = PBXBuildFile; fileRef = DEDC33A7222F14C1001F204A /* RestaurantDetailMapCell.swift */; };
		DEDC33AC222F1F53001F204A /* MapViewController.swift in Sources */ = {isa = PBXBuildFile; fileRef = DEDC33AB222F1F53001F204A /* MapViewController.swift */; };
		DEE30D4A22246BC30029A4A7 /* AppDelegate.swift in Sources */ = {isa = PBXBuildFile; fileRef = DEE30D4922246BC30029A4A7 /* AppDelegate.swift */; };
		DEE30D4F22246BC30029A4A7 /* Main.storyboard in Resources */ = {isa = PBXBuildFile; fileRef = DEE30D4D22246BC30029A4A7 /* Main.storyboard */; };
		DEE30D5122246BC40029A4A7 /* Assets.xcassets in Resources */ = {isa = PBXBuildFile; fileRef = DEE30D5022246BC40029A4A7 /* Assets.xcassets */; };
		DEE30D5422246BC40029A4A7 /* LaunchScreen.storyboard in Resources */ = {isa = PBXBuildFile; fileRef = DEE30D5222246BC40029A4A7 /* LaunchScreen.storyboard */; };
		DEEECFB3222D9D8500A1663F /* Rubik-MediumItalic.ttf in Resources */ = {isa = PBXBuildFile; fileRef = DEEECFA8222D9D8400A1663F /* Rubik-MediumItalic.ttf */; };
		DEEECFB4222D9D8500A1663F /* Rubik-BlackItalic.ttf in Resources */ = {isa = PBXBuildFile; fileRef = DEEECFA9222D9D8400A1663F /* Rubik-BlackItalic.ttf */; };
		DEEECFB5222D9D8500A1663F /* Rubik-Medium.ttf in Resources */ = {isa = PBXBuildFile; fileRef = DEEECFAA222D9D8400A1663F /* Rubik-Medium.ttf */; };
		DEEECFB6222D9D8500A1663F /* Rubik-Black.ttf in Resources */ = {isa = PBXBuildFile; fileRef = DEEECFAB222D9D8400A1663F /* Rubik-Black.ttf */; };
		DEEECFB7222D9D8500A1663F /* Rubik-Italic.ttf in Resources */ = {isa = PBXBuildFile; fileRef = DEEECFAC222D9D8400A1663F /* Rubik-Italic.ttf */; };
		DEEECFB8222D9D8500A1663F /* Rubik-BoldItalic.ttf in Resources */ = {isa = PBXBuildFile; fileRef = DEEECFAD222D9D8400A1663F /* Rubik-BoldItalic.ttf */; };
		DEEECFB9222D9D8500A1663F /* Rubik-Light.ttf in Resources */ = {isa = PBXBuildFile; fileRef = DEEECFAE222D9D8400A1663F /* Rubik-Light.ttf */; };
		DEEECFBA222D9D8500A1663F /* OFL.txt in Resources */ = {isa = PBXBuildFile; fileRef = DEEECFAF222D9D8400A1663F /* OFL.txt */; };
		DEEECFBB222D9D8500A1663F /* Rubik-Bold.ttf in Resources */ = {isa = PBXBuildFile; fileRef = DEEECFB0222D9D8500A1663F /* Rubik-Bold.ttf */; };
		DEEECFBC222D9D8500A1663F /* Rubik-Regular.ttf in Resources */ = {isa = PBXBuildFile; fileRef = DEEECFB1222D9D8500A1663F /* Rubik-Regular.ttf */; };
		DEEECFBD222D9D8500A1663F /* Rubik-LightItalic.ttf in Resources */ = {isa = PBXBuildFile; fileRef = DEEECFB2222D9D8500A1663F /* Rubik-LightItalic.ttf */; };
		DEEECFBF222DA14E00A1663F /* RestaurantDetailHeaderView.swift in Sources */ = {isa = PBXBuildFile; fileRef = DEEECFBE222DA14E00A1663F /* RestaurantDetailHeaderView.swift */; };
		DEEECFC1222DA82800A1663F /* RestaurantDetailIconTextCell.swift in Sources */ = {isa = PBXBuildFile; fileRef = DEEECFC0222DA82800A1663F /* RestaurantDetailIconTextCell.swift */; };
		DEEECFC3222DA92500A1663F /* RestaurantDetailTextCell.swift in Sources */ = {isa = PBXBuildFile; fileRef = DEEECFC2222DA92500A1663F /* RestaurantDetailTextCell.swift */; };
/* End PBXBuildFile section */

/* Begin PBXFileReference section */
		DE3848FA2236E1A600D66AEE /* RoundedTextField.swift */ = {isa = PBXFileReference; lastKnownFileType = sourcecode.swift; path = RoundedTextField.swift; sourceTree = "<group>"; };
		DE447ECF222F059A0049B1AF /* UIColor+Ext.swift */ = {isa = PBXFileReference; lastKnownFileType = sourcecode.swift; path = "UIColor+Ext.swift"; sourceTree = "<group>"; };
		DE503839223FB9CF00978630 /* Onboarding.storyboard */ = {isa = PBXFileReference; lastKnownFileType = file.storyboard; path = Onboarding.storyboard; sourceTree = "<group>"; };
		DE50383B223FCA0600978630 /* WalkthroughContentViewController.swift */ = {isa = PBXFileReference; lastKnownFileType = sourcecode.swift; path = WalkthroughContentViewController.swift; sourceTree = "<group>"; };
		DE50383D223FCC3A00978630 /* WalkthroughPageViewController.swift */ = {isa = PBXFileReference; lastKnownFileType = sourcecode.swift; path = WalkthroughPageViewController.swift; sourceTree = "<group>"; };
		DE50383F223FD07D00978630 /* WalkthroughViewController.swift */ = {isa = PBXFileReference; lastKnownFileType = sourcecode.swift; path = WalkthroughViewController.swift; sourceTree = "<group>"; };
		DE519728222860CC007FF87B /* RestaurantDetailViewController.swift */ = {isa = PBXFileReference; lastKnownFileType = sourcecode.swift; path = RestaurantDetailViewController.swift; sourceTree = "<group>"; };
		DE5457C82240153C00D0A00A /* Base */ = {isa = PBXFileReference; lastKnownFileType = file.storyboard; name = Base; path = FoodPin/Storyboards/Base.lproj/Discover.storyboard; sourceTree = "<group>"; };
		DE5457CA2240155400D0A00A /* About.storyboard */ = {isa = PBXFileReference; fileEncoding = 4; lastKnownFileType = file.storyboard; path = About.storyboard; sourceTree = "<group>"; };
		DE68D19822246CA000D86E4A /* RestaurantTableViewController.swift */ = {isa = PBXFileReference; lastKnownFileType = sourcecode.swift; path = RestaurantTableViewController.swift; sourceTree = "<group>"; };
		DE68D19A2224762F00D86E4A /* RestaurantTableViewCell.swift */ = {isa = PBXFileReference; lastKnownFileType = sourcecode.swift; path = RestaurantTableViewCell.swift; sourceTree = "<group>"; };
		DEAA0C36222ABDD000A918BC /* Restaurant.swift */ = {isa = PBXFileReference; lastKnownFileType = sourcecode.swift; path = Restaurant.swift; sourceTree = "<group>"; };
		DED1D77222383EA8003C276C /* FoodPin.xcdatamodel */ = {isa = PBXFileReference; lastKnownFileType = wrapper.xcdatamodel; path = FoodPin.xcdatamodel; sourceTree = "<group>"; };
		DED3A3B122356C7900F91E84 /* ReviewViewController.swift */ = {isa = PBXFileReference; lastKnownFileType = sourcecode.swift; path = ReviewViewController.swift; sourceTree = "<group>"; };
		DED3A3B52235A72C00F91E84 /* NewRestaurantController.swift */ = {isa = PBXFileReference; lastKnownFileType = sourcecode.swift; path = NewRestaurantController.swift; sourceTree = "<group>"; };
		DEDC33A2222F0F7C001F204A /* MapKit.framework */ = {isa = PBXFileReference; lastKnownFileType = wrapper.framework; name = MapKit.framework; path = System/Library/Frameworks/MapKit.framework; sourceTree = SDKROOT; };
		DEDC33A4222F13A5001F204A /* RestaurantDetailSeparatorCell.swift */ = {isa = PBXFileReference; lastKnownFileType = sourcecode.swift; path = RestaurantDetailSeparatorCell.swift; sourceTree = "<group>"; };
		DEDC33A7222F14C1001F204A /* RestaurantDetailMapCell.swift */ = {isa = PBXFileReference; lastKnownFileType = sourcecode.swift; path = RestaurantDetailMapCell.swift; sourceTree = "<group>"; };
		DEDC33AB222F1F53001F204A /* MapViewController.swift */ = {isa = PBXFileReference; lastKnownFileType = sourcecode.swift; path = MapViewController.swift; sourceTree = "<group>"; };
		DEE30D4622246BC30029A4A7 /* FoodPin.app */ = {isa = PBXFileReference; explicitFileType = wrapper.application; includeInIndex = 0; path = FoodPin.app; sourceTree = BUILT_PRODUCTS_DIR; };
		DEE30D4922246BC30029A4A7 /* AppDelegate.swift */ = {isa = PBXFileReference; lastKnownFileType = sourcecode.swift; path = AppDelegate.swift; sourceTree = "<group>"; };
		DEE30D4E22246BC30029A4A7 /* Base */ = {isa = PBXFileReference; lastKnownFileType = file.storyboard; name = Base; path = Base.lproj/Main.storyboard; sourceTree = "<group>"; };
		DEE30D5022246BC40029A4A7 /* Assets.xcassets */ = {isa = PBXFileReference; lastKnownFileType = folder.assetcatalog; path = Assets.xcassets; sourceTree = "<group>"; };
		DEE30D5322246BC40029A4A7 /* Base */ = {isa = PBXFileReference; lastKnownFileType = file.storyboard; name = Base; path = Base.lproj/LaunchScreen.storyboard; sourceTree = "<group>"; };
		DEE30D5522246BC40029A4A7 /* Info.plist */ = {isa = PBXFileReference; lastKnownFileType = text.plist.xml; path = Info.plist; sourceTree = "<group>"; };
		DEEECFA8222D9D8400A1663F /* Rubik-MediumItalic.ttf */ = {isa = PBXFileReference; lastKnownFileType = file; path = "Rubik-MediumItalic.ttf"; sourceTree = "<group>"; };
		DEEECFA9222D9D8400A1663F /* Rubik-BlackItalic.ttf */ = {isa = PBXFileReference; lastKnownFileType = file; path = "Rubik-BlackItalic.ttf"; sourceTree = "<group>"; };
		DEEECFAA222D9D8400A1663F /* Rubik-Medium.ttf */ = {isa = PBXFileReference; lastKnownFileType = file; path = "Rubik-Medium.ttf"; sourceTree = "<group>"; };
		DEEECFAB222D9D8400A1663F /* Rubik-Black.ttf */ = {isa = PBXFileReference; lastKnownFileType = file; path = "Rubik-Black.ttf"; sourceTree = "<group>"; };
		DEEECFAC222D9D8400A1663F /* Rubik-Italic.ttf */ = {isa = PBXFileReference; lastKnownFileType = file; path = "Rubik-Italic.ttf"; sourceTree = "<group>"; };
		DEEECFAD222D9D8400A1663F /* Rubik-BoldItalic.ttf */ = {isa = PBXFileReference; lastKnownFileType = file; path = "Rubik-BoldItalic.ttf"; sourceTree = "<group>"; };
		DEEECFAE222D9D8400A1663F /* Rubik-Light.ttf */ = {isa = PBXFileReference; lastKnownFileType = file; path = "Rubik-Light.ttf"; sourceTree = "<group>"; };
		DEEECFAF222D9D8400A1663F /* OFL.txt */ = {isa = PBXFileReference; fileEncoding = 4; lastKnownFileType = text; path = OFL.txt; sourceTree = "<group>"; };
		DEEECFB0222D9D8500A1663F /* Rubik-Bold.ttf */ = {isa = PBXFileReference; lastKnownFileType = file; path = "Rubik-Bold.ttf"; sourceTree = "<group>"; };
		DEEECFB1222D9D8500A1663F /* Rubik-Regular.ttf */ = {isa = PBXFileReference; lastKnownFileType = file; path = "Rubik-Regular.ttf"; sourceTree = "<group>"; };
		DEEECFB2222D9D8500A1663F /* Rubik-LightItalic.ttf */ = {isa = PBXFileReference; lastKnownFileType = file; path = "Rubik-LightItalic.ttf"; sourceTree = "<group>"; };
		DEEECFBE222DA14E00A1663F /* RestaurantDetailHeaderView.swift */ = {isa = PBXFileReference; lastKnownFileType = sourcecode.swift; path = RestaurantDetailHeaderView.swift; sourceTree = "<group>"; };
		DEEECFC0222DA82800A1663F /* RestaurantDetailIconTextCell.swift */ = {isa = PBXFileReference; lastKnownFileType = sourcecode.swift; path = RestaurantDetailIconTextCell.swift; sourceTree = "<group>"; };
		DEEECFC2222DA92500A1663F /* RestaurantDetailTextCell.swift */ = {isa = PBXFileReference; lastKnownFileType = sourcecode.swift; path = RestaurantDetailTextCell.swift; sourceTree = "<group>"; };
/* End PBXFileReference section */

/* Begin PBXFrameworksBuildPhase section */
		DEE30D4322246BC30029A4A7 /* Frameworks */ = {
			isa = PBXFrameworksBuildPhase;
			buildActionMask = 2147483647;
			files = (
				DEDC33A3222F0F7C001F204A /* MapKit.framework in Frameworks */,
			);
			runOnlyForDeploymentPostprocessing = 0;
		};
/* End PBXFrameworksBuildPhase section */

/* Begin PBXGroup section */
		DE447ECE222F05800049B1AF /* Extensions */ = {
			isa = PBXGroup;
			children = (
				DE447ECF222F059A0049B1AF /* UIColor+Ext.swift */,
			);
			path = Extensions;
			sourceTree = "<group>";
		};
		DE503838223FB97400978630 /* Storyboards */ = {
			isa = PBXGroup;
			children = (
				DEE30D4D22246BC30029A4A7 /* Main.storyboard */,
				DE5457C72240153C00D0A00A /* Discover.storyboard */,
				DE5457CA2240155400D0A00A /* About.storyboard */,
				DE503839223FB9CF00978630 /* Onboarding.storyboard */,
				DEE30D5222246BC40029A4A7 /* LaunchScreen.storyboard */,
			);
			path = Storyboards;
			sourceTree = "<group>";
		};
		DEAA0C38222AC73B00A918BC /* Model */ = {
			isa = PBXGroup;
			children = (
				DEAA0C36222ABDD000A918BC /* Restaurant.swift */,
			);
			path = Model;
			sourceTree = "<group>";
		};
		DEAA0C39222AC74400A918BC /* Controller */ = {
			isa = PBXGroup;
			children = (
				DE68D19822246CA000D86E4A /* RestaurantTableViewController.swift */,
				DE519728222860CC007FF87B /* RestaurantDetailViewController.swift */,
				DEDC33AB222F1F53001F204A /* MapViewController.swift */,
				DED3A3B122356C7900F91E84 /* ReviewViewController.swift */,
				DED3A3B52235A72C00F91E84 /* NewRestaurantController.swift */,
				DE50383F223FD07D00978630 /* WalkthroughViewController.swift */,
				DE50383D223FCC3A00978630 /* WalkthroughPageViewController.swift */,
				DE50383B223FCA0600978630 /* WalkthroughContentViewController.swift */,
			);
			path = Controller;
			sourceTree = "<group>";
		};
		DEAA0C3A222AC75100A918BC /* View */ = {
			isa = PBXGroup;
			children = (
				DE68D19A2224762F00D86E4A /* RestaurantTableViewCell.swift */,
				DEEECFBE222DA14E00A1663F /* RestaurantDetailHeaderView.swift */,
				DEEECFC0222DA82800A1663F /* RestaurantDetailIconTextCell.swift */,
				DEEECFC2222DA92500A1663F /* RestaurantDetailTextCell.swift */,
				DEDC33A4222F13A5001F204A /* RestaurantDetailSeparatorCell.swift */,
				DEDC33A7222F14C1001F204A /* RestaurantDetailMapCell.swift */,
				DE3848FA2236E1A600D66AEE /* RoundedTextField.swift */,
			);
			path = View;
			sourceTree = "<group>";
		};
		DEDC33A1222F0F7C001F204A /* Frameworks */ = {
			isa = PBXGroup;
			children = (
				DEDC33A2222F0F7C001F204A /* MapKit.framework */,
			);
			name = Frameworks;
			sourceTree = "<group>";
		};
		DEE30D3D22246BC30029A4A7 = {
			isa = PBXGroup;
			children = (
				DEE30D4822246BC30029A4A7 /* FoodPin */,
				DEE30D4722246BC30029A4A7 /* Products */,
				DEDC33A1222F0F7C001F204A /* Frameworks */,
			);
			sourceTree = "<group>";
		};
		DEE30D4722246BC30029A4A7 /* Products */ = {
			isa = PBXGroup;
			children = (
				DEE30D4622246BC30029A4A7 /* FoodPin.app */,
			);
			name = Products;
			sourceTree = "<group>";
		};
		DEE30D4822246BC30029A4A7 /* FoodPin */ = {
			isa = PBXGroup;
			children = (
				DE447ECE222F05800049B1AF /* Extensions */,
				DEAA0C38222AC73B00A918BC /* Model */,
				DEAA0C3A222AC75100A918BC /* View */,
				DEAA0C39222AC74400A918BC /* Controller */,
				DE503838223FB97400978630 /* Storyboards */,
				DEE30D4922246BC30029A4A7 /* AppDelegate.swift */,
				DEE30D5022246BC40029A4A7 /* Assets.xcassets */,
				DEE30D5522246BC40029A4A7 /* Info.plist */,
				DEEECF90222D9D2200A1663F /* Ressources */,
				DED1D77122383EA8003C276C /* FoodPin.xcdatamodeld */,
			);
			path = FoodPin;
			sourceTree = "<group>";
		};
		DEEECF90222D9D2200A1663F /* Ressources */ = {
			isa = PBXGroup;
			children = (
				DEEECF91222D9D2F00A1663F /* Fonts */,
			);
			path = Ressources;
			sourceTree = "<group>";
		};
		DEEECF91222D9D2F00A1663F /* Fonts */ = {
			isa = PBXGroup;
			children = (
				DEEECFAF222D9D8400A1663F /* OFL.txt */,
				DEEECFAB222D9D8400A1663F /* Rubik-Black.ttf */,
				DEEECFA9222D9D8400A1663F /* Rubik-BlackItalic.ttf */,
				DEEECFB0222D9D8500A1663F /* Rubik-Bold.ttf */,
				DEEECFAD222D9D8400A1663F /* Rubik-BoldItalic.ttf */,
				DEEECFAC222D9D8400A1663F /* Rubik-Italic.ttf */,
				DEEECFAE222D9D8400A1663F /* Rubik-Light.ttf */,
				DEEECFB2222D9D8500A1663F /* Rubik-LightItalic.ttf */,
				DEEECFAA222D9D8400A1663F /* Rubik-Medium.ttf */,
				DEEECFA8222D9D8400A1663F /* Rubik-MediumItalic.ttf */,
				DEEECFB1222D9D8500A1663F /* Rubik-Regular.ttf */,
			);
			path = Fonts;
			sourceTree = "<group>";
		};
/* End PBXGroup section */

/* Begin PBXNativeTarget section */
		DEE30D4522246BC30029A4A7 /* FoodPin */ = {
			isa = PBXNativeTarget;
			buildConfigurationList = DEE30D5822246BC40029A4A7 /* Build configuration list for PBXNativeTarget "FoodPin" */;
			buildPhases = (
				DEE30D4222246BC30029A4A7 /* Sources */,
				DEE30D4322246BC30029A4A7 /* Frameworks */,
				DEE30D4422246BC30029A4A7 /* Resources */,
			);
			buildRules = (
			);
			dependencies = (
			);
			name = FoodPin;
			productName = FoodPin;
			productReference = DEE30D4622246BC30029A4A7 /* FoodPin.app */;
			productType = "com.apple.product-type.application";
		};
/* End PBXNativeTarget section */

/* Begin PBXProject section */
		DEE30D3E22246BC30029A4A7 /* Project object */ = {
			isa = PBXProject;
			attributes = {
				LastSwiftUpdateCheck = 1010;
				LastUpgradeCheck = 1010;
				ORGANIZATIONNAME = "Froidefond Valentin";
				TargetAttributes = {
					DEE30D4522246BC30029A4A7 = {
						CreatedOnToolsVersion = 10.1;
						SystemCapabilities = {
							com.apple.Maps.iOS = {
								enabled = 1;
							};
						};
					};
				};
			};
			buildConfigurationList = DEE30D4122246BC30029A4A7 /* Build configuration list for PBXProject "FoodPin" */;
			compatibilityVersion = "Xcode 9.3";
			developmentRegion = en;
			hasScannedForEncodings = 0;
			knownRegions = (
				en,
				Base,
			);
			mainGroup = DEE30D3D22246BC30029A4A7;
			productRefGroup = DEE30D4722246BC30029A4A7 /* Products */;
			projectDirPath = "";
			projectRoot = "";
			targets = (
				DEE30D4522246BC30029A4A7 /* FoodPin */,
			);
		};
/* End PBXProject section */

/* Begin PBXResourcesBuildPhase section */
		DEE30D4422246BC30029A4A7 /* Resources */ = {
			isa = PBXResourcesBuildPhase;
			buildActionMask = 2147483647;
			files = (
				DEE30D5422246BC40029A4A7 /* LaunchScreen.storyboard in Resources */,
				DEEECFBC222D9D8500A1663F /* Rubik-Regular.ttf in Resources */,
				DEE30D5122246BC40029A4A7 /* Assets.xcassets in Resources */,
				DEEECFB8222D9D8500A1663F /* Rubik-BoldItalic.ttf in Resources */,
				DE5457CB2240155400D0A00A /* About.storyboard in Resources */,
				DEEECFB7222D9D8500A1663F /* Rubik-Italic.ttf in Resources */,
				DEEECFBB222D9D8500A1663F /* Rubik-Bold.ttf in Resources */,
				DE50383A223FB9CF00978630 /* Onboarding.storyboard in Resources */,
				DEEECFB6222D9D8500A1663F /* Rubik-Black.ttf in Resources */,
				DEEECFB5222D9D8500A1663F /* Rubik-Medium.ttf in Resources */,
				DE5457C92240153C00D0A00A /* Discover.storyboard in Resources */,
				DEEECFB3222D9D8500A1663F /* Rubik-MediumItalic.ttf in Resources */,
				DEEECFBA222D9D8500A1663F /* OFL.txt in Resources */,
				DEEECFBD222D9D8500A1663F /* Rubik-LightItalic.ttf in Resources */,
				DEE30D4F22246BC30029A4A7 /* Main.storyboard in Resources */,
				DEEECFB4222D9D8500A1663F /* Rubik-BlackItalic.ttf in Resources */,
				DEEECFB9222D9D8500A1663F /* Rubik-Light.ttf in Resources */,
			);
			runOnlyForDeploymentPostprocessing = 0;
		};
/* End PBXResourcesBuildPhase section */

/* Begin PBXSourcesBuildPhase section */
		DEE30D4222246BC30029A4A7 /* Sources */ = {
			isa = PBXSourcesBuildPhase;
			buildActionMask = 2147483647;
			files = (
				DEDC33A8222F14C1001F204A /* RestaurantDetailMapCell.swift in Sources */,
				DEEECFBF222DA14E00A1663F /* RestaurantDetailHeaderView.swift in Sources */,
				DED3A3B222356C7900F91E84 /* ReviewViewController.swift in Sources */,
				DE50383E223FCC3A00978630 /* WalkthroughPageViewController.swift in Sources */,
				DED3A3B62235A72C00F91E84 /* NewRestaurantController.swift in Sources */,
				DEAA0C37222ABDD000A918BC /* Restaurant.swift in Sources */,
				DEEECFC3222DA92500A1663F /* RestaurantDetailTextCell.swift in Sources */,
				DE503840223FD07D00978630 /* WalkthroughViewController.swift in Sources */,
				DE68D19922246CA000D86E4A /* RestaurantTableViewController.swift in Sources */,
				DE68D19B2224762F00D86E4A /* RestaurantTableViewCell.swift in Sources */,
				DEEECFC1222DA82800A1663F /* RestaurantDetailIconTextCell.swift in Sources */,
				DE50383C223FCA0600978630 /* WalkthroughContentViewController.swift in Sources */,
				DEDC33AC222F1F53001F204A /* MapViewController.swift in Sources */,
				DE447ED0222F059A0049B1AF /* UIColor+Ext.swift in Sources */,
				DED1D77322383EA8003C276C /* FoodPin.xcdatamodeld in Sources */,
				DE519729222860CC007FF87B /* RestaurantDetailViewController.swift in Sources */,
				DEE30D4A22246BC30029A4A7 /* AppDelegate.swift in Sources */,
				DE3848FB2236E1A600D66AEE /* RoundedTextField.swift in Sources */,
				DEDC33A5222F13A5001F204A /* RestaurantDetailSeparatorCell.swift in Sources */,
			);
			runOnlyForDeploymentPostprocessing = 0;
		};
/* End PBXSourcesBuildPhase section */

/* Begin PBXVariantGroup section */
		DE5457C72240153C00D0A00A /* Discover.storyboard */ = {
			isa = PBXVariantGroup;
			children = (
				DE5457C82240153C00D0A00A /* Base */,
			);
			name = Discover.storyboard;
			sourceTree = "<group>";
		};
		DEE30D4D22246BC30029A4A7 /* Main.storyboard */ = {
			isa = PBXVariantGroup;
			children = (
				DEE30D4E22246BC30029A4A7 /* Base */,
			);
			name = Main.storyboard;
			sourceTree = "<group>";
		};
		DEE30D5222246BC40029A4A7 /* LaunchScreen.storyboard */ = {
			isa = PBXVariantGroup;
			children = (
				DEE30D5322246BC40029A4A7 /* Base */,
			);
			name = LaunchScreen.storyboard;
			sourceTree = "<group>";
		};
/* End PBXVariantGroup section */

/* Begin XCBuildConfiguration section */
		DEE30D5622246BC40029A4A7 /* Debug */ = {
			isa = XCBuildConfiguration;
			buildSettings = {
				ALWAYS_SEARCH_USER_PATHS = NO;
				CLANG_ANALYZER_NONNULL = YES;
				CLANG_ANALYZER_NUMBER_OBJECT_CONVERSION = YES_AGGRESSIVE;
				CLANG_CXX_LANGUAGE_STANDARD = "gnu++14";
				CLANG_CXX_LIBRARY = "libc++";
				CLANG_ENABLE_MODULES = YES;
				CLANG_ENABLE_OBJC_ARC = YES;
				CLANG_ENABLE_OBJC_WEAK = YES;
				CLANG_WARN_BLOCK_CAPTURE_AUTORELEASING = YES;
				CLANG_WARN_BOOL_CONVERSION = YES;
				CLANG_WARN_COMMA = YES;
				CLANG_WARN_CONSTANT_CONVERSION = YES;
				CLANG_WARN_DEPRECATED_OBJC_IMPLEMENTATIONS = YES;
				CLANG_WARN_DIRECT_OBJC_ISA_USAGE = YES_ERROR;
				CLANG_WARN_DOCUMENTATION_COMMENTS = YES;
				CLANG_WARN_EMPTY_BODY = YES;
				CLANG_WARN_ENUM_CONVERSION = YES;
				CLANG_WARN_INFINITE_RECURSION = YES;
				CLANG_WARN_INT_CONVERSION = YES;
				CLANG_WARN_NON_LITERAL_NULL_CONVERSION = YES;
				CLANG_WARN_OBJC_IMPLICIT_RETAIN_SELF = YES;
				CLANG_WARN_OBJC_LITERAL_CONVERSION = YES;
				CLANG_WARN_OBJC_ROOT_CLASS = YES_ERROR;
				CLANG_WARN_RANGE_LOOP_ANALYSIS = YES;
				CLANG_WARN_STRICT_PROTOTYPES = YES;
				CLANG_WARN_SUSPICIOUS_MOVE = YES;
				CLANG_WARN_UNGUARDED_AVAILABILITY = YES_AGGRESSIVE;
				CLANG_WARN_UNREACHABLE_CODE = YES;
				CLANG_WARN__DUPLICATE_METHOD_MATCH = YES;
				CODE_SIGN_IDENTITY = "iPhone Developer";
				COPY_PHASE_STRIP = NO;
				DEBUG_INFORMATION_FORMAT = dwarf;
				ENABLE_STRICT_OBJC_MSGSEND = YES;
				ENABLE_TESTABILITY = YES;
				GCC_C_LANGUAGE_STANDARD = gnu11;
				GCC_DYNAMIC_NO_PIC = NO;
				GCC_NO_COMMON_BLOCKS = YES;
				GCC_OPTIMIZATION_LEVEL = 0;
				GCC_PREPROCESSOR_DEFINITIONS = (
					"DEBUG=1",
					"$(inherited)",
				);
				GCC_WARN_64_TO_32_BIT_CONVERSION = YES;
				GCC_WARN_ABOUT_RETURN_TYPE = YES_ERROR;
				GCC_WARN_UNDECLARED_SELECTOR = YES;
				GCC_WARN_UNINITIALIZED_AUTOS = YES_AGGRESSIVE;
				GCC_WARN_UNUSED_FUNCTION = YES;
				GCC_WARN_UNUSED_VARIABLE = YES;
				IPHONEOS_DEPLOYMENT_TARGET = 12.1;
				MTL_ENABLE_DEBUG_INFO = INCLUDE_SOURCE;
				MTL_FAST_MATH = YES;
				ONLY_ACTIVE_ARCH = YES;
				SDKROOT = iphoneos;
				SWIFT_ACTIVE_COMPILATION_CONDITIONS = DEBUG;
				SWIFT_OPTIMIZATION_LEVEL = "-Onone";
			};
			name = Debug;
		};
		DEE30D5722246BC40029A4A7 /* Release */ = {
			isa = XCBuildConfiguration;
			buildSettings = {
				ALWAYS_SEARCH_USER_PATHS = NO;
				CLANG_ANALYZER_NONNULL = YES;
				CLANG_ANALYZER_NUMBER_OBJECT_CONVERSION = YES_AGGRESSIVE;
				CLANG_CXX_LANGUAGE_STANDARD = "gnu++14";
				CLANG_CXX_LIBRARY = "libc++";
				CLANG_ENABLE_MODULES = YES;
				CLANG_ENABLE_OBJC_ARC = YES;
				CLANG_ENABLE_OBJC_WEAK = YES;
				CLANG_WARN_BLOCK_CAPTURE_AUTORELEASING = YES;
				CLANG_WARN_BOOL_CONVERSION = YES;
				CLANG_WARN_COMMA = YES;
				CLANG_WARN_CONSTANT_CONVERSION = YES;
				CLANG_WARN_DEPRECATED_OBJC_IMPLEMENTATIONS = YES;
				CLANG_WARN_DIRECT_OBJC_ISA_USAGE = YES_ERROR;
				CLANG_WARN_DOCUMENTATION_COMMENTS = YES;
				CLANG_WARN_EMPTY_BODY = YES;
				CLANG_WARN_ENUM_CONVERSION = YES;
				CLANG_WARN_INFINITE_RECURSION = YES;
				CLANG_WARN_INT_CONVERSION = YES;
				CLANG_WARN_NON_LITERAL_NULL_CONVERSION = YES;
				CLANG_WARN_OBJC_IMPLICIT_RETAIN_SELF = YES;
				CLANG_WARN_OBJC_LITERAL_CONVERSION = YES;
				CLANG_WARN_OBJC_ROOT_CLASS = YES_ERROR;
				CLANG_WARN_RANGE_LOOP_ANALYSIS = YES;
				CLANG_WARN_STRICT_PROTOTYPES = YES;
				CLANG_WARN_SUSPICIOUS_MOVE = YES;
				CLANG_WARN_UNGUARDED_AVAILABILITY = YES_AGGRESSIVE;
				CLANG_WARN_UNREACHABLE_CODE = YES;
				CLANG_WARN__DUPLICATE_METHOD_MATCH = YES;
				CODE_SIGN_IDENTITY = "iPhone Developer";
				COPY_PHASE_STRIP = NO;
				DEBUG_INFORMATION_FORMAT = "dwarf-with-dsym";
				ENABLE_NS_ASSERTIONS = NO;
				ENABLE_STRICT_OBJC_MSGSEND = YES;
				GCC_C_LANGUAGE_STANDARD = gnu11;
				GCC_NO_COMMON_BLOCKS = YES;
				GCC_WARN_64_TO_32_BIT_CONVERSION = YES;
				GCC_WARN_ABOUT_RETURN_TYPE = YES_ERROR;
				GCC_WARN_UNDECLARED_SELECTOR = YES;
				GCC_WARN_UNINITIALIZED_AUTOS = YES_AGGRESSIVE;
				GCC_WARN_UNUSED_FUNCTION = YES;
				GCC_WARN_UNUSED_VARIABLE = YES;
				IPHONEOS_DEPLOYMENT_TARGET = 12.1;
				MTL_ENABLE_DEBUG_INFO = NO;
				MTL_FAST_MATH = YES;
				SDKROOT = iphoneos;
				SWIFT_COMPILATION_MODE = wholemodule;
				SWIFT_OPTIMIZATION_LEVEL = "-O";
				VALIDATE_PRODUCT = YES;
			};
			name = Release;
		};
		DEE30D5922246BC40029A4A7 /* Debug */ = {
			isa = XCBuildConfiguration;
			buildSettings = {
				ASSETCATALOG_COMPILER_APPICON_NAME = AppIcon;
				CODE_SIGN_STYLE = Automatic;
				DEVELOPMENT_TEAM = TT895NDA3W;
				INFOPLIST_FILE = FoodPin/Info.plist;
				LD_RUNPATH_SEARCH_PATHS = (
					"$(inherited)",
					"@executable_path/Frameworks",
				);
				PRODUCT_BUNDLE_IDENTIFIER = "Froidefond-Valentin.FoodPin";
				PRODUCT_NAME = "$(TARGET_NAME)";
				SWIFT_VERSION = 4.2;
				TARGETED_DEVICE_FAMILY = "1,2";
			};
			name = Debug;
		};
		DEE30D5A22246BC40029A4A7 /* Release */ = {
			isa = XCBuildConfiguration;
			buildSettings = {
				ASSETCATALOG_COMPILER_APPICON_NAME = AppIcon;
				CODE_SIGN_STYLE = Automatic;
				DEVELOPMENT_TEAM = TT895NDA3W;
				INFOPLIST_FILE = FoodPin/Info.plist;
				LD_RUNPATH_SEARCH_PATHS = (
					"$(inherited)",
					"@executable_path/Frameworks",
				);
				PRODUCT_BUNDLE_IDENTIFIER = "Froidefond-Valentin.FoodPin";
				PRODUCT_NAME = "$(TARGET_NAME)";
				SWIFT_VERSION = 4.2;
				TARGETED_DEVICE_FAMILY = "1,2";
			};
			name = Release;
		};
/* End XCBuildConfiguration section */

/* Begin XCConfigurationList section */
		DEE30D4122246BC30029A4A7 /* Build configuration list for PBXProject "FoodPin" */ = {
			isa = XCConfigurationList;
			buildConfigurations = (
				DEE30D5622246BC40029A4A7 /* Debug */,
				DEE30D5722246BC40029A4A7 /* Release */,
			);
			defaultConfigurationIsVisible = 0;
			defaultConfigurationName = Release;
		};
		DEE30D5822246BC40029A4A7 /* Build configuration list for PBXNativeTarget "FoodPin" */ = {
			isa = XCConfigurationList;
			buildConfigurations = (
				DEE30D5922246BC40029A4A7 /* Debug */,
				DEE30D5A22246BC40029A4A7 /* Release */,
			);
			defaultConfigurationIsVisible = 0;
			defaultConfigurationName = Release;
		};
/* End XCConfigurationList section */

/* Begin XCVersionGroup section */
		DED1D77122383EA8003C276C /* FoodPin.xcdatamodeld */ = {
			isa = XCVersionGroup;
			children = (
				DED1D77222383EA8003C276C /* FoodPin.xcdatamodel */,
			);
			currentVersion = DED1D77222383EA8003C276C /* FoodPin.xcdatamodel */;
			path = FoodPin.xcdatamodeld;
			sourceTree = "<group>";
			versionGroupType = wrapper.xcdatamodel;
		};
/* End XCVersionGroup section */
	};
	rootObject = DEE30D3E22246BC30029A4A7 /* Project object */;
}
